<?xml version="1.0" encoding="utf-8"?>
<Project ToolsVersion="4.0" xmlns="http://schemas.microsoft.com/developer/msbuild/2003">
  <ItemGroup>
    <Filter Include="소스 파일">
      <UniqueIdentifier>{4FC737F1-C7A5-4376-A066-2A32D752A2FF}</UniqueIdentifier>
      <Extensions>cpp;c;cc;cxx;def;odl;idl;hpj;bat;asm;asmx</Extensions>
    </Filter>
    <Filter Include="헤더 파일">
      <UniqueIdentifier>{93995380-89BD-4b04-88EB-625FBE52EBFB}</UniqueIdentifier>
      <Extensions>h;hh;hpp;hxx;hm;inl;inc;ipp;xsd</Extensions>
    </Filter>
    <Filter Include="리소스 파일">
      <UniqueIdentifier>{67DA6AB6-F800-4c08-8B7A-83BB121AAD01}</UniqueIdentifier>
      <Extensions>rc;ico;cur;bmp;dlg;rc2;rct;bin;rgs;gif;jpg;jpeg;jpe;resx;tiff;tif;png;wav;mfcribbon-ms</Extensions>
    </Filter>
  </ItemGroup>
  <ItemGroup>
    <ClInclude Include="pch.h">
      <Filter>헤더 파일</Filter>
    </ClInclude>
    <ClInclude Include="Marlin\src\core\boards.h">
      <Filter>헤더 파일</Filter>
    </ClInclude>
    <ClInclude Include="Marlin\src\core\macros.h">
      <Filter>헤더 파일</Filter>
    </ClInclude>
    <ClInclude Include="Marlin\src\HAL\platforms.h">
      <Filter>헤더 파일</Filter>
    </ClInclude>
    <ClInclude Include="Marlin\src\inc\Conditionals_LCD.h">
      <Filter>헤더 파일</Filter>
    </ClInclude>
    <ClInclude Include="Marlin\src\inc\MarlinConfig.h">
      <Filter>헤더 파일</Filter>
    </ClInclude>
    <ClInclude Include="Marlin\src\inc\MarlinConfigPre.h">
      <Filter>헤더 파일</Filter>
    </ClInclude>
    <ClInclude Include="Marlin\src\inc\Version.h">
      <Filter>헤더 파일</Filter>
    </ClInclude>
    <ClInclude Include="Marlin\src\MarlinCore.h">
      <Filter>헤더 파일</Filter>
    </ClInclude>
    <ClInclude Include="Marlin\Configuration.h">
      <Filter>헤더 파일</Filter>
    </ClInclude>
    <ClInclude Include="Marlin\src\HAL\AVR\inc\Conditionals_LCD.h">
      <Filter>헤더 파일</Filter>
    </ClInclude>
    <ClInclude Include="Marlin\src\core\drivers.h">
      <Filter>헤더 파일</Filter>
    </ClInclude>
    <ClInclude Include="Marlin\Configuration_adv.h">
      <Filter>헤더 파일</Filter>
    </ClInclude>
    <ClInclude Include="Marlin\src\inc\Conditionals_adv.h">
      <Filter>헤더 파일</Filter>
    </ClInclude>
    <ClInclude Include="Marlin\src\HAL\AVR\inc\Conditionals_adv.h">
      <Filter>헤더 파일</Filter>
    </ClInclude>
    <ClInclude Include="Marlin\src\HAL\HAL.h">
      <Filter>헤더 파일</Filter>
    </ClInclude>
    <ClInclude Include="Marlin\src\HAL\AVR\HAL.h">
      <Filter>헤더 파일</Filter>
    </ClInclude>
    <ClInclude Include="Marlin\src\HAL\shared\Marduino.h">
      <Filter>헤더 파일</Filter>
    </ClInclude>
    <ClInclude Include="Marlin\src\HAL\shared\HAL_SPI.h">
      <Filter>헤더 파일</Filter>
    </ClInclude>
    <ClInclude Include="Marlin\src\HAL\AVR\fastio.h">
      <Filter>헤더 파일</Filter>
    </ClInclude>
    <ClInclude Include="Marlin\src\HAL\AVR\MarlinSerial_baclup.h">
      <Filter>헤더 파일</Filter>
    </ClInclude>
    <ClInclude Include="Marlin\src\arduino-core\Arduino.h">
      <Filter>헤더 파일</Filter>
    </ClInclude>
    <ClInclude Include="Marlin\src\arduino-core\avr\pgmspace.h">
      <Filter>헤더 파일</Filter>
    </ClInclude>
    <ClInclude Include="Marlin\src\arduino-core\avr\interrupt.h">
      <Filter>헤더 파일</Filter>
    </ClInclude>
    <ClInclude Include="Marlin\src\arduino-core\avr\io.h">
      <Filter>헤더 파일</Filter>
    </ClInclude>
    <ClInclude Include="Marlin\src\arduino-core\avr\sfr_defs.h">
      <Filter>헤더 파일</Filter>
    </ClInclude>
    <ClInclude Include="Marlin\src\arduino-core\binary.h">
      <Filter>헤더 파일</Filter>
    </ClInclude>
    <ClInclude Include="Marlin\src\arduino-core\WCharacter.h">
      <Filter>헤더 파일</Filter>
    </ClInclude>
    <ClInclude Include="Marlin\src\arduino-core\WString.h">
      <Filter>헤더 파일</Filter>
    </ClInclude>
    <ClInclude Include="Marlin\src\arduino-core\Stream.h">
      <Filter>헤더 파일</Filter>
    </ClInclude>
    <ClInclude Include="Marlin\src\arduino-core\Print.h">
      <Filter>헤더 파일</Filter>
    </ClInclude>
    <ClInclude Include="Marlin\src\arduino-core\Printable.h">
      <Filter>헤더 파일</Filter>
    </ClInclude>
    <ClInclude Include="Marlin\src\arduino-core\HardwareSerial.h">
      <Filter>헤더 파일</Filter>
    </ClInclude>
    <ClInclude Include="Marlin\src\arduino-core\avr\inttypes.h">
      <Filter>헤더 파일</Filter>
    </ClInclude>
    <ClInclude Include="Marlin\src\arduino-core\USBAPI.h">
      <Filter>헤더 파일</Filter>
    </ClInclude>
    <ClInclude Include="Marlin\src\arduino-core\avr\delay_basic.h">
      <Filter>헤더 파일</Filter>
    </ClInclude>
    <ClInclude Include="Marlin\src\arduino-core\avr\delay.h">
      <Filter>헤더 파일</Filter>
    </ClInclude>
    <ClInclude Include="Marlin\src\arduino-core\pins_arduino.h">
      <Filter>헤더 파일</Filter>
    </ClInclude>
    <ClInclude Include="Marlin\src\arduino-core\avr\common.h">
      <Filter>헤더 파일</Filter>
    </ClInclude>
    <ClInclude Include="Marlin\src\arduino-core\avr\fuse.h">
      <Filter>헤더 파일</Filter>
    </ClInclude>
    <ClInclude Include="Marlin\src\arduino-core\avr\lock.h">
      <Filter>헤더 파일</Filter>
    </ClInclude>
    <ClInclude Include="Marlin\src\arduino-core\avr\portpins.h">
      <Filter>헤더 파일</Filter>
    </ClInclude>
    <ClInclude Include="Marlin\src\arduino-core\avr\version.h">
      <Filter>헤더 파일</Filter>
    </ClInclude>
    <ClInclude Include="Marlin\src\HAL\shared\progmem.h">
      <Filter>헤더 파일</Filter>
    </ClInclude>
    <ClInclude Include="Marlin\src\arduino-core\avr\eeprom_backup.h">
      <Filter>헤더 파일</Filter>
    </ClInclude>
    <ClInclude Include="Marlin\src\core\serial_hook.h">
      <Filter>헤더 파일</Filter>
    </ClInclude>
    <ClInclude Include="Marlin\src\pins\pins.h">
      <Filter>헤더 파일</Filter>
    </ClInclude>
    <ClInclude Include="Marlin\src\pins\pins_postprocess.h">
      <Filter>헤더 파일</Filter>
    </ClInclude>
    <ClInclude Include="Marlin\src\pins\ramps\pins_RAMPS.h">
      <Filter>헤더 파일</Filter>
    </ClInclude>
    <ClInclude Include="Marlin\src\pins\ramps\env_validate.h">
      <Filter>헤더 파일</Filter>
    </ClInclude>
    <ClInclude Include="Marlin\src\HAL\AVR\timers.h">
      <Filter>헤더 파일</Filter>
    </ClInclude>
    <ClInclude Include="Marlin\src\HAL\AVR\spi_pins.h">
      <Filter>헤더 파일</Filter>
    </ClInclude>
    <ClInclude Include="Marlin\src\inc\conditionals_post.h">
      <Filter>헤더 파일</Filter>
    </ClInclude>
    <ClInclude Include="Marlin\src\HAL\AVR\inc\Conditionals_post.h">
      <Filter>헤더 파일</Filter>
    </ClInclude>
    <ClInclude Include="Marlin\src\core\types.h">
      <Filter>헤더 파일</Filter>
    </ClInclude>
    <ClInclude Include="Marlin\src\inc\SanityCheck.h">
      <Filter>헤더 파일</Filter>
    </ClInclude>
    <ClInclude Include="Marlin\src\HAL\AVR\inc\SanityCheck.h">
      <Filter>헤더 파일</Filter>
    </ClInclude>
    <ClInclude Include="Marlin\src\core\language.h">
      <Filter>헤더 파일</Filter>
    </ClInclude>
    <ClInclude Include="Marlin\src\core\multi_language.h">
      <Filter>헤더 파일</Filter>
    </ClInclude>
    <ClInclude Include="Marlin\src\lcd\language\language_en.h">
      <Filter>헤더 파일</Filter>
    </ClInclude>
    <ClInclude Include="Marlin\src\core\utility.h">
      <Filter>헤더 파일</Filter>
    </ClInclude>
    <ClInclude Include="Marlin\src\core\millis_t.h">
      <Filter>헤더 파일</Filter>
    </ClInclude>
    <ClInclude Include="Marlin\src\core\serial_base_backup.h">
      <Filter>헤더 파일</Filter>
    </ClInclude>
    <ClInclude Include="Marlin\src\core\serial_hook_backup.h">
      <Filter>헤더 파일</Filter>
    </ClInclude>
    <ClInclude Include="Marlin\src\arduino-core\avr\eeprom.h">
      <Filter>헤더 파일</Filter>
    </ClInclude>
    <ClInclude Include="Marlin\src\HAL\AVR\MarlinSerial.h">
      <Filter>헤더 파일</Filter>
    </ClInclude>
    <ClInclude Include="Marlin\src\core\serial_backup.h">
      <Filter>헤더 파일</Filter>
    </ClInclude>
    <ClInclude Include="Marlin\src\core\serial.h">
      <Filter>헤더 파일</Filter>
    </ClInclude>
    <ClInclude Include="Marlin\src\HAL\shared\cpu_exception\exception_hook.h">
      <Filter>헤더 파일</Filter>
    </ClInclude>
    <ClInclude Include="Marlin\src\HAL\shared\Delay.h">
      <Filter>헤더 파일</Filter>
    </ClInclude>
    <ClInclude Include="Marlin\src\HAL\shared\esp_wifi.h">
      <Filter>헤더 파일</Filter>
    </ClInclude>
  </ItemGroup>
  <ItemGroup>
    <ClCompile Include="pch.cpp">
      <Filter>소스 파일</Filter>
    </ClCompile>
    <ClCompile Include="marlinfw-study.cpp">
      <Filter>소스 파일</Filter>
    </ClCompile>
    <ClCompile Include="Marlin\src\MarlinCore.cpp">
      <Filter>소스 파일</Filter>
    </ClCompile>
    <ClCompile Include="Marlin\src\core\utility.cpp">
      <Filter>소스 파일</Filter>
    </ClCompile>
    <ClCompile Include="Marlin\src\core\serial_base.h">
      <Filter>헤더 파일</Filter>
    </ClCompile>
    <ClCompile Include="Marlin\src\HAL\shared\HAL.cpp">
      <Filter>소스 파일</Filter>
    </ClCompile>
  </ItemGroup>
  <ItemGroup>
    <None Include="cpp.hint" />
  </ItemGroup>
</Project>